
Microsoft Visual Studio Solution File, Format Version 11.00
# Visual Studio 2010
Project("{FAE04EC0-301F-11D3-BF4B-00C04F79EFBC}") = "Movies", "Movies\Movies.csproj", "{5CAB894A-9461-4929-9FD9-7D938EDC7EEE}"
EndProject
Project("{FAE04EC0-301F-11D3-BF4B-00C04F79EFBC}") = "Common", "Common\Common.csproj", "{291D89E4-5436-4E99-A402-322D10F2ED0C}"
EndProject
Project("{FAE04EC0-301F-11D3-BF4B-00C04F79EFBC}") = "MoviesSubtitle", "MoviesSubtitle\MoviesSubtitle.csproj", "{A3EE00BB-3C2B-43D1-8780-78C5C678EA2B}"
EndProject
Project("{FAE04EC0-301F-11D3-BF4B-00C04F79EFBC}") = "VideoComponent", "VideoComponent\VideoComponent.csproj", "{5E66548F-63D0-4690-AA1C-D09B203E573E}"
EndProject
Project("{FAE04EC0-301F-11D3-BF4B-00C04F79EFBC}") = "VideoPlayerView", "VideoPlayerView\VideoPlayerView.csproj", "{964F2DF9-2BAB-4B2A-A7BB-5A5404C6C24C}"
EndProject
Project("{FAE04EC0-301F-11D3-BF4B-00C04F79EFBC}") = "VideoPlayerControl", "VideoPlayer\VideoPlayerControl.csproj", "{E657AC6B-5B19-4B9F-BF5E-96822234DFDD}"
EndProject
Project("{FAE04EC0-301F-11D3-BF4B-00C04F79EFBC}") = "VirtualizingListView", "VirtualizingListView\VirtualizingListView.csproj", "{3F23B0DC-E93F-45C4-98FE-9E1E4D9DE1E7}"
EndProject
Project("{2150E333-8FDC-42A3-9474-1A3956D46DE8}") = "VLCLibrary", "VLCLibrary", "{8848E1D5-C4BB-467F-A3CA-5699677DC0F0}"
EndProject
Project("{FAE04EC0-301F-11D3-BF4B-00C04F79EFBC}") = "Meta.Vlc.Wpf - .Net 4.0", "Meta.Vlc.Wpf\Meta.Vlc.Wpf - .Net 4.0.csproj", "{ED70AD57-1B05-428A-8A30-2CC533DAF389}"
EndProject
Project("{FAE04EC0-301F-11D3-BF4B-00C04F79EFBC}") = "Meta.Vlc - .Net 4.0", "Meta.Vlc\Meta.Vlc - .Net 4.0.csproj", "{9368132D-33F8-4149-8733-3BF90715F887}"
EndProject
Project("{FAE04EC0-301F-11D3-BF4B-00C04F79EFBC}") = "SearchComponent", "SearchComponent\SearchComponent.csproj", "{ADE006BD-579D-4706-80E7-9D833FD5C07C}"
EndProject
Project("{54435603-DBB4-11D2-8724-00A0C9A8B90C}") = "MoviePlayerSetUp", "Setup1\Setup1.vdproj", "{CFCDC230-0E7C-45D0-AE37-8E144EDAF6F7}"
EndProject
Global
	GlobalSection(SolutionConfigurationPlatforms) = preSolution
		Debug|Any CPU = Debug|Any CPU
		Debug|x64 = Debug|x64
		Debug|x86 = Debug|x86
		Release|Any CPU = Release|Any CPU
		Release|x64 = Release|x64
		Release|x86 = Release|x86
	EndGlobalSection
	GlobalSection(ProjectConfigurationPlatforms) = postSolution
		{5CAB894A-9461-4929-9FD9-7D938EDC7EEE}.Debug|Any CPU.ActiveCfg = Debug|Any CPU
		{5CAB894A-9461-4929-9FD9-7D938EDC7EEE}.Debug|Any CPU.Build.0 = Debug|Any CPU
		{5CAB894A-9461-4929-9FD9-7D938EDC7EEE}.Debug|x64.ActiveCfg = Debug|Any CPU
		{5CAB894A-9461-4929-9FD9-7D938EDC7EEE}.Debug|x64.Build.0 = Debug|Any CPU
		{5CAB894A-9461-4929-9FD9-7D938EDC7EEE}.Debug|x86.ActiveCfg = Debug|Any CPU
		{5CAB894A-9461-4929-9FD9-7D938EDC7EEE}.Debug|x86.Build.0 = Debug|Any CPU
		{5CAB894A-9461-4929-9FD9-7D938EDC7EEE}.Release|Any CPU.ActiveCfg = Release|Any CPU
		{5CAB894A-9461-4929-9FD9-7D938EDC7EEE}.Release|Any CPU.Build.0 = Release|Any CPU
		{5CAB894A-9461-4929-9FD9-7D938EDC7EEE}.Release|x64.ActiveCfg = Release|Any CPU
		{5CAB894A-9461-4929-9FD9-7D938EDC7EEE}.Release|x64.Build.0 = Release|Any CPU
		{5CAB894A-9461-4929-9FD9-7D938EDC7EEE}.Release|x86.ActiveCfg = Release|Any CPU
		{5CAB894A-9461-4929-9FD9-7D938EDC7EEE}.Release|x86.Build.0 = Release|Any CPU
		{291D89E4-5436-4E99-A402-322D10F2ED0C}.Debug|Any CPU.ActiveCfg = Debug|Any CPU
		{291D89E4-5436-4E99-A402-322D10F2ED0C}.Debug|Any CPU.Build.0 = Debug|Any CPU
		{291D89E4-5436-4E99-A402-322D10F2ED0C}.Debug|x64.ActiveCfg = Debug|Any CPU
		{291D89E4-5436-4E99-A402-322D10F2ED0C}.Debug|x64.Build.0 = Debug|Any CPU
		{291D89E4-5436-4E99-A402-322D10F2ED0C}.Debug|x86.ActiveCfg = Debug|Any CPU
		{291D89E4-5436-4E99-A402-322D10F2ED0C}.Debug|x86.Build.0 = Debug|Any CPU
		{291D89E4-5436-4E99-A402-322D10F2ED0C}.Release|Any CPU.ActiveCfg = Release|Any CPU
		{291D89E4-5436-4E99-A402-322D10F2ED0C}.Release|Any CPU.Build.0 = Release|Any CPU
		{291D89E4-5436-4E99-A402-322D10F2ED0C}.Release|x64.ActiveCfg = Release|Any CPU
		{291D89E4-5436-4E99-A402-322D10F2ED0C}.Release|x64.Build.0 = Release|Any CPU
		{291D89E4-5436-4E99-A402-322D10F2ED0C}.Release|x86.ActiveCfg = Release|Any CPU
		{291D89E4-5436-4E99-A402-322D10F2ED0C}.Release|x86.Build.0 = Release|Any CPU
		{A3EE00BB-3C2B-43D1-8780-78C5C678EA2B}.Debug|Any CPU.ActiveCfg = Debug|Any CPU
		{A3EE00BB-3C2B-43D1-8780-78C5C678EA2B}.Debug|Any CPU.Build.0 = Debug|Any CPU
		{A3EE00BB-3C2B-43D1-8780-78C5C678EA2B}.Debug|x64.ActiveCfg = Debug|Any CPU
		{A3EE00BB-3C2B-43D1-8780-78C5C678EA2B}.Debug|x64.Build.0 = Debug|Any CPU
		{A3EE00BB-3C2B-43D1-8780-78C5C678EA2B}.Debug|x86.ActiveCfg = Debug|Any CPU
		{A3EE00BB-3C2B-43D1-8780-78C5C678EA2B}.Debug|x86.Build.0 = Debug|Any CPU
		{A3EE00BB-3C2B-43D1-8780-78C5C678EA2B}.Release|Any CPU.ActiveCfg = Release|Any CPU
		{A3EE00BB-3C2B-43D1-8780-78C5C678EA2B}.Release|Any CPU.Build.0 = Release|Any CPU
		{A3EE00BB-3C2B-43D1-8780-78C5C678EA2B}.Release|x64.ActiveCfg = Release|Any CPU
		{A3EE00BB-3C2B-43D1-8780-78C5C678EA2B}.Release|x64.Build.0 = Release|Any CPU
		{A3EE00BB-3C2B-43D1-8780-78C5C678EA2B}.Release|x86.ActiveCfg = Release|Any CPU
		{A3EE00BB-3C2B-43D1-8780-78C5C678EA2B}.Release|x86.Build.0 = Release|Any CPU
		{5E66548F-63D0-4690-AA1C-D09B203E573E}.Debug|Any CPU.ActiveCfg = Debug|Any CPU
		{5E66548F-63D0-4690-AA1C-D09B203E573E}.Debug|Any CPU.Build.0 = Debug|Any CPU
		{5E66548F-63D0-4690-AA1C-D09B203E573E}.Debug|x64.ActiveCfg = Debug|Any CPU
		{5E66548F-63D0-4690-AA1C-D09B203E573E}.Debug|x64.Build.0 = Debug|Any CPU
		{5E66548F-63D0-4690-AA1C-D09B203E573E}.Debug|x86.ActiveCfg = Debug|Any CPU
		{5E66548F-63D0-4690-AA1C-D09B203E573E}.Debug|x86.Build.0 = Debug|Any CPU
		{5E66548F-63D0-4690-AA1C-D09B203E573E}.Release|Any CPU.ActiveCfg = Release|Any CPU
		{5E66548F-63D0-4690-AA1C-D09B203E573E}.Release|Any CPU.Build.0 = Release|Any CPU
		{5E66548F-63D0-4690-AA1C-D09B203E573E}.Release|x64.ActiveCfg = Release|Any CPU
		{5E66548F-63D0-4690-AA1C-D09B203E573E}.Release|x64.Build.0 = Release|Any CPU
		{5E66548F-63D0-4690-AA1C-D09B203E573E}.Release|x86.ActiveCfg = Release|Any CPU
		{5E66548F-63D0-4690-AA1C-D09B203E573E}.Release|x86.Build.0 = Release|Any CPU
		{964F2DF9-2BAB-4B2A-A7BB-5A5404C6C24C}.Debug|Any CPU.ActiveCfg = Debug|Any CPU
		{964F2DF9-2BAB-4B2A-A7BB-5A5404C6C24C}.Debug|Any CPU.Build.0 = Debug|Any CPU
		{964F2DF9-2BAB-4B2A-A7BB-5A5404C6C24C}.Debug|x64.ActiveCfg = Debug|Any CPU
		{964F2DF9-2BAB-4B2A-A7BB-5A5404C6C24C}.Debug|x64.Build.0 = Debug|Any CPU
		{964F2DF9-2BAB-4B2A-A7BB-5A5404C6C24C}.Debug|x86.ActiveCfg = Debug|Any CPU
		{964F2DF9-2BAB-4B2A-A7BB-5A5404C6C24C}.Debug|x86.Build.0 = Debug|Any CPU
		{964F2DF9-2BAB-4B2A-A7BB-5A5404C6C24C}.Release|Any CPU.ActiveCfg = Release|Any CPU
		{964F2DF9-2BAB-4B2A-A7BB-5A5404C6C24C}.Release|Any CPU.Build.0 = Release|Any CPU
		{964F2DF9-2BAB-4B2A-A7BB-5A5404C6C24C}.Release|x64.ActiveCfg = Release|Any CPU
		{964F2DF9-2BAB-4B2A-A7BB-5A5404C6C24C}.Release|x64.Build.0 = Release|Any CPU
		{964F2DF9-2BAB-4B2A-A7BB-5A5404C6C24C}.Release|x86.ActiveCfg = Release|Any CPU
		{964F2DF9-2BAB-4B2A-A7BB-5A5404C6C24C}.Release|x86.Build.0 = Release|Any CPU
		{E657AC6B-5B19-4B9F-BF5E-96822234DFDD}.Debug|Any CPU.ActiveCfg = Debug|Any CPU
		{E657AC6B-5B19-4B9F-BF5E-96822234DFDD}.Debug|Any CPU.Build.0 = Debug|Any CPU
		{E657AC6B-5B19-4B9F-BF5E-96822234DFDD}.Debug|x64.ActiveCfg = Debug|Any CPU
		{E657AC6B-5B19-4B9F-BF5E-96822234DFDD}.Debug|x64.Build.0 = Debug|Any CPU
		{E657AC6B-5B19-4B9F-BF5E-96822234DFDD}.Debug|x86.ActiveCfg = Debug|Any CPU
		{E657AC6B-5B19-4B9F-BF5E-96822234DFDD}.Debug|x86.Build.0 = Debug|Any CPU
		{E657AC6B-5B19-4B9F-BF5E-96822234DFDD}.Release|Any CPU.ActiveCfg = Release|Any CPU
		{E657AC6B-5B19-4B9F-BF5E-96822234DFDD}.Release|Any CPU.Build.0 = Release|Any CPU
		{E657AC6B-5B19-4B9F-BF5E-96822234DFDD}.Release|x64.ActiveCfg = Release|Any CPU
		{E657AC6B-5B19-4B9F-BF5E-96822234DFDD}.Release|x64.Build.0 = Release|Any CPU
		{E657AC6B-5B19-4B9F-BF5E-96822234DFDD}.Release|x86.ActiveCfg = Release|Any CPU
		{E657AC6B-5B19-4B9F-BF5E-96822234DFDD}.Release|x86.Build.0 = Release|Any CPU
		{3F23B0DC-E93F-45C4-98FE-9E1E4D9DE1E7}.Debug|Any CPU.ActiveCfg = Debug|Any CPU
		{3F23B0DC-E93F-45C4-98FE-9E1E4D9DE1E7}.Debug|Any CPU.Build.0 = Debug|Any CPU
		{3F23B0DC-E93F-45C4-98FE-9E1E4D9DE1E7}.Debug|x64.ActiveCfg = Debug|Any CPU
		{3F23B0DC-E93F-45C4-98FE-9E1E4D9DE1E7}.Debug|x64.Build.0 = Debug|Any CPU
		{3F23B0DC-E93F-45C4-98FE-9E1E4D9DE1E7}.Debug|x86.ActiveCfg = Debug|Any CPU
		{3F23B0DC-E93F-45C4-98FE-9E1E4D9DE1E7}.Debug|x86.Build.0 = Debug|Any CPU
		{3F23B0DC-E93F-45C4-98FE-9E1E4D9DE1E7}.Release|Any CPU.ActiveCfg = Release|Any CPU
		{3F23B0DC-E93F-45C4-98FE-9E1E4D9DE1E7}.Release|Any CPU.Build.0 = Release|Any CPU
		{3F23B0DC-E93F-45C4-98FE-9E1E4D9DE1E7}.Release|x64.ActiveCfg = Release|Any CPU
		{3F23B0DC-E93F-45C4-98FE-9E1E4D9DE1E7}.Release|x64.Build.0 = Release|Any CPU
		{3F23B0DC-E93F-45C4-98FE-9E1E4D9DE1E7}.Release|x86.ActiveCfg = Release|Any CPU
		{3F23B0DC-E93F-45C4-98FE-9E1E4D9DE1E7}.Release|x86.Build.0 = Release|Any CPU
		{ED70AD57-1B05-428A-8A30-2CC533DAF389}.Debug|Any CPU.ActiveCfg = Debug|Any CPU
		{ED70AD57-1B05-428A-8A30-2CC533DAF389}.Debug|Any CPU.Build.0 = Debug|Any CPU
		{ED70AD57-1B05-428A-8A30-2CC533DAF389}.Debug|x64.ActiveCfg = Debug|x64
		{ED70AD57-1B05-428A-8A30-2CC533DAF389}.Debug|x64.Build.0 = Debug|x64
		{ED70AD57-1B05-428A-8A30-2CC533DAF389}.Debug|x86.ActiveCfg = Debug|x86
		{ED70AD57-1B05-428A-8A30-2CC533DAF389}.Debug|x86.Build.0 = Debug|x86
		{ED70AD57-1B05-428A-8A30-2CC533DAF389}.Release|Any CPU.ActiveCfg = Release|Any CPU
		{ED70AD57-1B05-428A-8A30-2CC533DAF389}.Release|Any CPU.Build.0 = Release|Any CPU
		{ED70AD57-1B05-428A-8A30-2CC533DAF389}.Release|x64.ActiveCfg = Release|x64
		{ED70AD57-1B05-428A-8A30-2CC533DAF389}.Release|x64.Build.0 = Release|x64
		{ED70AD57-1B05-428A-8A30-2CC533DAF389}.Release|x86.ActiveCfg = Release|x86
		{ED70AD57-1B05-428A-8A30-2CC533DAF389}.Release|x86.Build.0 = Release|x86
		{9368132D-33F8-4149-8733-3BF90715F887}.Debug|Any CPU.ActiveCfg = Debug|Any CPU
		{9368132D-33F8-4149-8733-3BF90715F887}.Debug|Any CPU.Build.0 = Debug|Any CPU
		{9368132D-33F8-4149-8733-3BF90715F887}.Debug|x64.ActiveCfg = Debug|x64
		{9368132D-33F8-4149-8733-3BF90715F887}.Debug|x64.Build.0 = Debug|x64
		{9368132D-33F8-4149-8733-3BF90715F887}.Debug|x86.ActiveCfg = Debug|x86
		{9368132D-33F8-4149-8733-3BF90715F887}.Debug|x86.Build.0 = Debug|x86
		{9368132D-33F8-4149-8733-3BF90715F887}.Release|Any CPU.ActiveCfg = Release|Any CPU
		{9368132D-33F8-4149-8733-3BF90715F887}.Release|Any CPU.Build.0 = Release|Any CPU
		{9368132D-33F8-4149-8733-3BF90715F887}.Release|x64.ActiveCfg = Release|x64
		{9368132D-33F8-4149-8733-3BF90715F887}.Release|x64.Build.0 = Release|x64
		{9368132D-33F8-4149-8733-3BF90715F887}.Release|x86.ActiveCfg = Release|x86
		{9368132D-33F8-4149-8733-3BF90715F887}.Release|x86.Build.0 = Release|x86
		{ADE006BD-579D-4706-80E7-9D833FD5C07C}.Debug|Any CPU.ActiveCfg = Debug|Any CPU
		{ADE006BD-579D-4706-80E7-9D833FD5C07C}.Debug|Any CPU.Build.0 = Debug|Any CPU
		{ADE006BD-579D-4706-80E7-9D833FD5C07C}.Debug|x64.ActiveCfg = Debug|Any CPU
		{ADE006BD-579D-4706-80E7-9D833FD5C07C}.Debug|x86.ActiveCfg = Debug|Any CPU
		{ADE006BD-579D-4706-80E7-9D833FD5C07C}.Release|Any CPU.ActiveCfg = Release|Any CPU
		{ADE006BD-579D-4706-80E7-9D833FD5C07C}.Release|Any CPU.Build.0 = Release|Any CPU
		{ADE006BD-579D-4706-80E7-9D833FD5C07C}.Release|x64.ActiveCfg = Release|Any CPU
		{ADE006BD-579D-4706-80E7-9D833FD5C07C}.Release|x86.ActiveCfg = Release|Any CPU
		{CFCDC230-0E7C-45D0-AE37-8E144EDAF6F7}.Debug|Any CPU.ActiveCfg = Debug
		{CFCDC230-0E7C-45D0-AE37-8E144EDAF6F7}.Debug|Any CPU.Build.0 = Debug
		{CFCDC230-0E7C-45D0-AE37-8E144EDAF6F7}.Debug|x64.ActiveCfg = Debug
		{CFCDC230-0E7C-45D0-AE37-8E144EDAF6F7}.Debug|x64.Build.0 = Debug
		{CFCDC230-0E7C-45D0-AE37-8E144EDAF6F7}.Debug|x86.ActiveCfg = Debug
		{CFCDC230-0E7C-45D0-AE37-8E144EDAF6F7}.Debug|x86.Build.0 = Debug
		{CFCDC230-0E7C-45D0-AE37-8E144EDAF6F7}.Release|Any CPU.ActiveCfg = Release
		{CFCDC230-0E7C-45D0-AE37-8E144EDAF6F7}.Release|Any CPU.Build.0 = Release
		{CFCDC230-0E7C-45D0-AE37-8E144EDAF6F7}.Release|x64.ActiveCfg = Release
		{CFCDC230-0E7C-45D0-AE37-8E144EDAF6F7}.Release|x64.Build.0 = Release
		{CFCDC230-0E7C-45D0-AE37-8E144EDAF6F7}.Release|x86.ActiveCfg = Release
		{CFCDC230-0E7C-45D0-AE37-8E144EDAF6F7}.Release|x86.Build.0 = Release
	EndGlobalSection
	GlobalSection(SolutionProperties) = preSolution
		HideSolutionNode = FALSE
	EndGlobalSection
	GlobalSection(NestedProjects) = preSolution
		{ED70AD57-1B05-428A-8A30-2CC533DAF389} = {8848E1D5-C4BB-467F-A3CA-5699677DC0F0}
		{9368132D-33F8-4149-8733-3BF90715F887} = {8848E1D5-C4BB-467F-A3CA-5699677DC0F0}
	EndGlobalSection
	GlobalSection(ExtensibilityGlobals) = postSolution
		SolutionGuid = {7CBF9C25-E365-499C-8695-B0AEDD7E0273}
	EndGlobalSection
EndGlobal
