
Microsoft Visual Studio Solution File, Format Version 11.00
# Visual Studio 10
VisualStudioVersion = 11.0.24720.0
MinimumVisualStudioVersion = 10.0.40219.1
Project("{FAE04EC0-301F-11D3-BF4B-00C04F79EFBC}") = "Movies", "Movies\Movies.csproj", "{5CAB894A-9461-4929-9FD9-7D938EDC7EEE}"
EndProject
Project("{FAE04EC0-301F-11D3-BF4B-00C04F79EFBC}") = "Common", "Common\Common.csproj", "{291D89E4-5436-4E99-A402-322D10F2ED0C}"
EndProject
Project("{FAE04EC0-301F-11D3-BF4B-00C04F79EFBC}") = "MoviesSubtitle", "MoviesSubtitle\MoviesSubtitle.csproj", "{A3EE00BB-3C2B-43D1-8780-78C5C678EA2B}"
EndProject
Project("{FAE04EC0-301F-11D3-BF4B-00C04F79EFBC}") = "VideoComponent", "VideoComponent\VideoComponent.csproj", "{5E66548F-63D0-4690-AA1C-D09B203E573E}"
EndProject
Project("{FAE04EC0-301F-11D3-BF4B-00C04F79EFBC}") = "VideoPlayerView", "VideoPlayerView\VideoPlayerView.csproj", "{964F2DF9-2BAB-4B2A-A7BB-5A5404C6C24C}"
EndProject
Project("{FAE04EC0-301F-11D3-BF4B-00C04F79EFBC}") = "VideoPlayer", "VideoPlayer\VideoPlayer.csproj", "{E657AC6B-5B19-4B9F-BF5E-96822234DFDD}"
EndProject
Project("{FAE04EC0-301F-11D3-BF4B-00C04F79EFBC}") = "VirtualizingListView", "VirtualizingListView\VirtualizingListView.csproj", "{3F23B0DC-E93F-45C4-98FE-9E1E4D9DE1E7}"
EndProject
Global
	GlobalSection(SolutionConfigurationPlatforms) = preSolution
		Debug|Any CPU = Debug|Any CPU
		Release|Any CPU = Release|Any CPU
	EndGlobalSection
	GlobalSection(ProjectConfigurationPlatforms) = postSolution
		{5CAB894A-9461-4929-9FD9-7D938EDC7EEE}.Debug|Any CPU.ActiveCfg = Debug|Any CPU
		{5CAB894A-9461-4929-9FD9-7D938EDC7EEE}.Debug|Any CPU.Build.0 = Debug|Any CPU
		{5CAB894A-9461-4929-9FD9-7D938EDC7EEE}.Release|Any CPU.ActiveCfg = Release|Any CPU
		{5CAB894A-9461-4929-9FD9-7D938EDC7EEE}.Release|Any CPU.Build.0 = Release|Any CPU
		{291D89E4-5436-4E99-A402-322D10F2ED0C}.Debug|Any CPU.ActiveCfg = Debug|Any CPU
		{291D89E4-5436-4E99-A402-322D10F2ED0C}.Debug|Any CPU.Build.0 = Debug|Any CPU
		{291D89E4-5436-4E99-A402-322D10F2ED0C}.Release|Any CPU.ActiveCfg = Release|Any CPU
		{291D89E4-5436-4E99-A402-322D10F2ED0C}.Release|Any CPU.Build.0 = Release|Any CPU
		{A3EE00BB-3C2B-43D1-8780-78C5C678EA2B}.Debug|Any CPU.ActiveCfg = Debug|Any CPU
		{A3EE00BB-3C2B-43D1-8780-78C5C678EA2B}.Debug|Any CPU.Build.0 = Debug|Any CPU
		{A3EE00BB-3C2B-43D1-8780-78C5C678EA2B}.Release|Any CPU.ActiveCfg = Release|Any CPU
		{A3EE00BB-3C2B-43D1-8780-78C5C678EA2B}.Release|Any CPU.Build.0 = Release|Any CPU
		{5E66548F-63D0-4690-AA1C-D09B203E573E}.Debug|Any CPU.ActiveCfg = Debug|Any CPU
		{5E66548F-63D0-4690-AA1C-D09B203E573E}.Debug|Any CPU.Build.0 = Debug|Any CPU
		{5E66548F-63D0-4690-AA1C-D09B203E573E}.Release|Any CPU.ActiveCfg = Release|Any CPU
		{5E66548F-63D0-4690-AA1C-D09B203E573E}.Release|Any CPU.Build.0 = Release|Any CPU
		{964F2DF9-2BAB-4B2A-A7BB-5A5404C6C24C}.Debug|Any CPU.ActiveCfg = Debug|Any CPU
		{964F2DF9-2BAB-4B2A-A7BB-5A5404C6C24C}.Debug|Any CPU.Build.0 = Debug|Any CPU
		{964F2DF9-2BAB-4B2A-A7BB-5A5404C6C24C}.Release|Any CPU.ActiveCfg = Release|Any CPU
		{964F2DF9-2BAB-4B2A-A7BB-5A5404C6C24C}.Release|Any CPU.Build.0 = Release|Any CPU
		{E657AC6B-5B19-4B9F-BF5E-96822234DFDD}.Debug|Any CPU.ActiveCfg = Debug|Any CPU
		{E657AC6B-5B19-4B9F-BF5E-96822234DFDD}.Debug|Any CPU.Build.0 = Debug|Any CPU
		{E657AC6B-5B19-4B9F-BF5E-96822234DFDD}.Release|Any CPU.ActiveCfg = Release|Any CPU
		{E657AC6B-5B19-4B9F-BF5E-96822234DFDD}.Release|Any CPU.Build.0 = Release|Any CPU
		{3F23B0DC-E93F-45C4-98FE-9E1E4D9DE1E7}.Debug|Any CPU.ActiveCfg = Debug|Any CPU
		{3F23B0DC-E93F-45C4-98FE-9E1E4D9DE1E7}.Debug|Any CPU.Build.0 = Debug|Any CPU
		{3F23B0DC-E93F-45C4-98FE-9E1E4D9DE1E7}.Release|Any CPU.ActiveCfg = Release|Any CPU
		{3F23B0DC-E93F-45C4-98FE-9E1E4D9DE1E7}.Release|Any CPU.Build.0 = Release|Any CPU
	EndGlobalSection
	GlobalSection(SolutionProperties) = preSolution
		HideSolutionNode = FALSE
	EndGlobalSection
EndGlobal
