Microsoft Visual Studio Solution File, Format Version 11.00
# Visual Studio 2010
Project("{FAE04EC0-301F-11D3-BF4B-00C04F79EFBC}") = "Movies", "Movies\Movies.csproj", "{5CAB894A-9461-4929-9FD9-7D938EDC7EEE}"
	ProjectSection(ProjectDependencies) = postProject
		{3F23B0DC-E93F-45C4-98FE-9E1E4D9DE1E7} = {3F23B0DC-E93F-45C4-98FE-9E1E4D9DE1E7}
	EndProjectSection
EndProject
Project("{FAE04EC0-301F-11D3-BF4B-00C04F79EFBC}") = "Common", "Common\Common.csproj", "{291D89E4-5436-4E99-A402-322D10F2ED0C}"
EndProject
Project("{FAE04EC0-301F-11D3-BF4B-00C04F79EFBC}") = "VideoComponent", "VideoComponent\VideoComponent.csproj", "{5E66548F-63D0-4690-AA1C-D09B203E573E}"
EndProject
Project("{FAE04EC0-301F-11D3-BF4B-00C04F79EFBC}") = "VideoPlayerView", "VideoPlayerView\VideoPlayerView.csproj", "{964F2DF9-2BAB-4B2A-A7BB-5A5404C6C24C}"
EndProject
Project("{FAE04EC0-301F-11D3-BF4B-00C04F79EFBC}") = "VideoPlayerControl", "VideoPlayer\VideoPlayerControl.csproj", "{E657AC6B-5B19-4B9F-BF5E-96822234DFDD}"
EndProject
Project("{FAE04EC0-301F-11D3-BF4B-00C04F79EFBC}") = "VirtualizingListView", "VirtualizingListView\VirtualizingListView.csproj", "{3F23B0DC-E93F-45C4-98FE-9E1E4D9DE1E7}"
EndProject
Project("{2150E333-8FDC-42A3-9474-1A3956D46DE8}") = "VLCLibrary", "VLCLibrary", "{8848E1D5-C4BB-467F-A3CA-5699677DC0F0}"
EndProject
Project("{FAE04EC0-301F-11D3-BF4B-00C04F79EFBC}") = "Meta.Vlc.Wpf - .Net 4.0", "Meta.Vlc.Wpf\Meta.Vlc.Wpf - .Net 4.0.csproj", "{ED70AD57-1B05-428A-8A30-2CC533DAF389}"
EndProject
Project("{FAE04EC0-301F-11D3-BF4B-00C04F79EFBC}") = "Meta.Vlc - .Net 4.0", "Meta.Vlc\Meta.Vlc - .Net 4.0.csproj", "{9368132D-33F8-4149-8733-3BF90715F887}"
EndProject
Project("{FAE04EC0-301F-11D3-BF4B-00C04F79EFBC}") = "Movies.MoviesInterfaces", "ProjectInterfaces\Movies.MoviesInterfaces.csproj", "{2D97DA0A-18BE-48A1-B4FC-78B0B3CEB6C8}"
EndProject
Project("{FAE04EC0-301F-11D3-BF4B-00C04F79EFBC}") = "Movies.MovieServices", "Movies.MovieServices\Movies.MovieServices.csproj", "{35E7785E-9050-462D-8275-9282502824D1}"
EndProject
Project("{FAE04EC0-301F-11D3-BF4B-00C04F79EFBC}") = "Movies.Models", "Movies.Models\Movies.Models.csproj", "{12CE1E5D-1E2D-4FE8-8084-B5E334CD54CD}"
EndProject
Project("{FAE04EC0-301F-11D3-BF4B-00C04F79EFBC}") = "Movies.Enums", "Movies.Enums\Movies.Enums.csproj", "{0824A682-F34D-456B-8B0B-22FF40FEAE33}"
EndProject
Project("{FAE04EC0-301F-11D3-BF4B-00C04F79EFBC}") = "Movies.MoviePlaylistManager", "Movies.MoviePlaylistManager\Movies.MoviePlaylistManager.csproj", "{6D034B32-531F-4DDB-9402-6C0D72B29953}"
EndProject
Project("{FAE04EC0-301F-11D3-BF4B-00C04F79EFBC}") = "Movies.StatusService", "Movies.StatusService\Movies.StatusService.csproj", "{1021AFEB-E345-47B1-8C9F-109CA07DCB4B}"
EndProject
Project("{FAE04EC0-301F-11D3-BF4B-00C04F79EFBC}") = "FlyoutControl", "FlyoutControl\FlyoutControl.csproj", "{4ABBC7E5-63DE-4017-A048-4035D249DDFC}"
EndProject
Project("{FAE04EC0-301F-11D3-BF4B-00C04F79EFBC}") = "Movies.PlaylistCollectionView", "Movies.PlaylistCollectionView\Movies.PlaylistCollectionView.csproj", "{985E8F02-C22D-473C-AFD8-755F2519E403}"
EndProject
Project("{FAE04EC0-301F-11D3-BF4B-00C04F79EFBC}") = "PresentationExtension", "PresentationExtension\PresentationExtension.csproj", "{B622321D-0980-42DF-9165-79341BF7E64E}"
EndProject
Project("{FAE04EC0-301F-11D3-BF4B-00C04F79EFBC}") = "Movies.GlobalResources", "Movies.GlobalResources\Movies.GlobalResources.csproj", "{1370A208-DA8B-43EE-8CBB-A18D7992A8DC}"
EndProject
Project("{FAE04EC0-301F-11D3-BF4B-00C04F79EFBC}") = "LocalVideoFiles", "LocalVideoFiles\LocalVideoFiles.csproj", "{7F5ABEC7-4D64-40C5-BC86-1884575D1F2C}"
EndProject
Project("{FAE04EC0-301F-11D3-BF4B-00C04F79EFBC}") = "RemovableStorageFiles", "RemovableStorageFiles\RemovableStorageFiles.csproj", "{B0F97EE9-BB64-42A8-AAA8-522E7184EB43}"
EndProject
Project("{FAE04EC0-301F-11D3-BF4B-00C04F79EFBC}") = "SearchComponent", "SearchComponent\SearchComponent.csproj", "{3A6FD22C-D7B7-4713-80C6-8742186F8674}"
EndProject
Project("{FAE04EC0-301F-11D3-BF4B-00C04F79EFBC}") = "Movies.Themes", "Movies.Themes\Movies.Themes.csproj", "{342FF9C4-5B5D-4F57-AD9C-C69D599BDBA9}"
EndProject
Project("{FAE04EC0-301F-11D3-BF4B-00C04F79EFBC}") = "Movies.MediaService", "Movies.MediaService\Movies.MediaService.csproj", "{B6FAA2DE-B0A4-4DB9-9532-E6059788598A}"
EndProject
Project("{FAE04EC0-301F-11D3-BF4B-00C04F79EFBC}") = "Movies.MusicProject", "Movies.MusicProject\Movies.MusicProject.csproj", "{288DA71D-1048-4B14-A1F4-CB3995ABB991}"
EndProject
Project("{FAE04EC0-301F-11D3-BF4B-00C04F79EFBC}") = "Movies.InternetRadio", "Movies.InternetRadio\Movies.InternetRadio.csproj", "{09792BF0-34A2-4C28-AC5A-3825065CEF1D}"
EndProject
Global
	GlobalSection(SolutionConfigurationPlatforms) = preSolution
		Debug|Any CPU = Debug|Any CPU
		Debug|x64 = Debug|x64
		Debug|x86 = Debug|x86
		Release|Any CPU = Release|Any CPU
		Release|x64 = Release|x64
		Release|x86 = Release|x86
	EndGlobalSection
	GlobalSection(ProjectConfigurationPlatforms) = postSolution
		{5CAB894A-9461-4929-9FD9-7D938EDC7EEE}.Debug|Any CPU.ActiveCfg = Debug|Any CPU
		{5CAB894A-9461-4929-9FD9-7D938EDC7EEE}.Debug|Any CPU.Build.0 = Debug|Any CPU
		{5CAB894A-9461-4929-9FD9-7D938EDC7EEE}.Debug|x64.ActiveCfg = Debug|Any CPU
		{5CAB894A-9461-4929-9FD9-7D938EDC7EEE}.Debug|x64.Build.0 = Debug|Any CPU
		{5CAB894A-9461-4929-9FD9-7D938EDC7EEE}.Debug|x86.ActiveCfg = Debug|Any CPU
		{5CAB894A-9461-4929-9FD9-7D938EDC7EEE}.Debug|x86.Build.0 = Debug|Any CPU
		{5CAB894A-9461-4929-9FD9-7D938EDC7EEE}.Release|Any CPU.ActiveCfg = Release|Any CPU
		{5CAB894A-9461-4929-9FD9-7D938EDC7EEE}.Release|Any CPU.Build.0 = Release|Any CPU
		{5CAB894A-9461-4929-9FD9-7D938EDC7EEE}.Release|x64.ActiveCfg = Release|Any CPU
		{5CAB894A-9461-4929-9FD9-7D938EDC7EEE}.Release|x64.Build.0 = Release|Any CPU
		{5CAB894A-9461-4929-9FD9-7D938EDC7EEE}.Release|x86.ActiveCfg = Release|Any CPU
		{5CAB894A-9461-4929-9FD9-7D938EDC7EEE}.Release|x86.Build.0 = Release|Any CPU
		{291D89E4-5436-4E99-A402-322D10F2ED0C}.Debug|Any CPU.ActiveCfg = Debug|Any CPU
		{291D89E4-5436-4E99-A402-322D10F2ED0C}.Debug|Any CPU.Build.0 = Debug|Any CPU
		{291D89E4-5436-4E99-A402-322D10F2ED0C}.Debug|x64.ActiveCfg = Debug|Any CPU
		{291D89E4-5436-4E99-A402-322D10F2ED0C}.Debug|x64.Build.0 = Debug|Any CPU
		{291D89E4-5436-4E99-A402-322D10F2ED0C}.Debug|x86.ActiveCfg = Debug|Any CPU
		{291D89E4-5436-4E99-A402-322D10F2ED0C}.Debug|x86.Build.0 = Debug|Any CPU
		{291D89E4-5436-4E99-A402-322D10F2ED0C}.Release|Any CPU.ActiveCfg = Release|Any CPU
		{291D89E4-5436-4E99-A402-322D10F2ED0C}.Release|Any CPU.Build.0 = Release|Any CPU
		{291D89E4-5436-4E99-A402-322D10F2ED0C}.Release|x64.ActiveCfg = Release|Any CPU
		{291D89E4-5436-4E99-A402-322D10F2ED0C}.Release|x64.Build.0 = Release|Any CPU
		{291D89E4-5436-4E99-A402-322D10F2ED0C}.Release|x86.ActiveCfg = Release|Any CPU
		{291D89E4-5436-4E99-A402-322D10F2ED0C}.Release|x86.Build.0 = Release|Any CPU
		{5E66548F-63D0-4690-AA1C-D09B203E573E}.Debug|Any CPU.ActiveCfg = Debug|Any CPU
		{5E66548F-63D0-4690-AA1C-D09B203E573E}.Debug|Any CPU.Build.0 = Debug|Any CPU
		{5E66548F-63D0-4690-AA1C-D09B203E573E}.Debug|x64.ActiveCfg = Debug|Any CPU
		{5E66548F-63D0-4690-AA1C-D09B203E573E}.Debug|x64.Build.0 = Debug|Any CPU
		{5E66548F-63D0-4690-AA1C-D09B203E573E}.Debug|x86.ActiveCfg = Debug|Any CPU
		{5E66548F-63D0-4690-AA1C-D09B203E573E}.Debug|x86.Build.0 = Debug|Any CPU
		{5E66548F-63D0-4690-AA1C-D09B203E573E}.Release|Any CPU.ActiveCfg = Release|Any CPU
		{5E66548F-63D0-4690-AA1C-D09B203E573E}.Release|Any CPU.Build.0 = Release|Any CPU
		{5E66548F-63D0-4690-AA1C-D09B203E573E}.Release|x64.ActiveCfg = Release|Any CPU
		{5E66548F-63D0-4690-AA1C-D09B203E573E}.Release|x64.Build.0 = Release|Any CPU
		{5E66548F-63D0-4690-AA1C-D09B203E573E}.Release|x86.ActiveCfg = Release|Any CPU
		{5E66548F-63D0-4690-AA1C-D09B203E573E}.Release|x86.Build.0 = Release|Any CPU
		{964F2DF9-2BAB-4B2A-A7BB-5A5404C6C24C}.Debug|Any CPU.ActiveCfg = Debug|Any CPU
		{964F2DF9-2BAB-4B2A-A7BB-5A5404C6C24C}.Debug|Any CPU.Build.0 = Debug|Any CPU
		{964F2DF9-2BAB-4B2A-A7BB-5A5404C6C24C}.Debug|x64.ActiveCfg = Debug|Any CPU
		{964F2DF9-2BAB-4B2A-A7BB-5A5404C6C24C}.Debug|x64.Build.0 = Debug|Any CPU
		{964F2DF9-2BAB-4B2A-A7BB-5A5404C6C24C}.Debug|x86.ActiveCfg = Debug|Any CPU
		{964F2DF9-2BAB-4B2A-A7BB-5A5404C6C24C}.Debug|x86.Build.0 = Debug|Any CPU
		{964F2DF9-2BAB-4B2A-A7BB-5A5404C6C24C}.Release|Any CPU.ActiveCfg = Release|Any CPU
		{964F2DF9-2BAB-4B2A-A7BB-5A5404C6C24C}.Release|Any CPU.Build.0 = Release|Any CPU
		{964F2DF9-2BAB-4B2A-A7BB-5A5404C6C24C}.Release|x64.ActiveCfg = Release|Any CPU
		{964F2DF9-2BAB-4B2A-A7BB-5A5404C6C24C}.Release|x64.Build.0 = Release|Any CPU
		{964F2DF9-2BAB-4B2A-A7BB-5A5404C6C24C}.Release|x86.ActiveCfg = Release|Any CPU
		{964F2DF9-2BAB-4B2A-A7BB-5A5404C6C24C}.Release|x86.Build.0 = Release|Any CPU
		{E657AC6B-5B19-4B9F-BF5E-96822234DFDD}.Debug|Any CPU.ActiveCfg = Debug|Any CPU
		{E657AC6B-5B19-4B9F-BF5E-96822234DFDD}.Debug|Any CPU.Build.0 = Debug|Any CPU
		{E657AC6B-5B19-4B9F-BF5E-96822234DFDD}.Debug|x64.ActiveCfg = Debug|Any CPU
		{E657AC6B-5B19-4B9F-BF5E-96822234DFDD}.Debug|x64.Build.0 = Debug|Any CPU
		{E657AC6B-5B19-4B9F-BF5E-96822234DFDD}.Debug|x86.ActiveCfg = Debug|Any CPU
		{E657AC6B-5B19-4B9F-BF5E-96822234DFDD}.Debug|x86.Build.0 = Debug|Any CPU
		{E657AC6B-5B19-4B9F-BF5E-96822234DFDD}.Release|Any CPU.ActiveCfg = Release|Any CPU
		{E657AC6B-5B19-4B9F-BF5E-96822234DFDD}.Release|Any CPU.Build.0 = Release|Any CPU
		{E657AC6B-5B19-4B9F-BF5E-96822234DFDD}.Release|x64.ActiveCfg = Release|Any CPU
		{E657AC6B-5B19-4B9F-BF5E-96822234DFDD}.Release|x64.Build.0 = Release|Any CPU
		{E657AC6B-5B19-4B9F-BF5E-96822234DFDD}.Release|x86.ActiveCfg = Release|Any CPU
		{E657AC6B-5B19-4B9F-BF5E-96822234DFDD}.Release|x86.Build.0 = Release|Any CPU
		{3F23B0DC-E93F-45C4-98FE-9E1E4D9DE1E7}.Debug|Any CPU.ActiveCfg = Debug|Any CPU
		{3F23B0DC-E93F-45C4-98FE-9E1E4D9DE1E7}.Debug|Any CPU.Build.0 = Debug|Any CPU
		{3F23B0DC-E93F-45C4-98FE-9E1E4D9DE1E7}.Debug|x64.ActiveCfg = Debug|Any CPU
		{3F23B0DC-E93F-45C4-98FE-9E1E4D9DE1E7}.Debug|x64.Build.0 = Debug|Any CPU
		{3F23B0DC-E93F-45C4-98FE-9E1E4D9DE1E7}.Debug|x86.ActiveCfg = Debug|Any CPU
		{3F23B0DC-E93F-45C4-98FE-9E1E4D9DE1E7}.Debug|x86.Build.0 = Debug|Any CPU
		{3F23B0DC-E93F-45C4-98FE-9E1E4D9DE1E7}.Release|Any CPU.ActiveCfg = Release|Any CPU
		{3F23B0DC-E93F-45C4-98FE-9E1E4D9DE1E7}.Release|Any CPU.Build.0 = Release|Any CPU
		{3F23B0DC-E93F-45C4-98FE-9E1E4D9DE1E7}.Release|x64.ActiveCfg = Release|Any CPU
		{3F23B0DC-E93F-45C4-98FE-9E1E4D9DE1E7}.Release|x64.Build.0 = Release|Any CPU
		{3F23B0DC-E93F-45C4-98FE-9E1E4D9DE1E7}.Release|x86.ActiveCfg = Release|Any CPU
		{3F23B0DC-E93F-45C4-98FE-9E1E4D9DE1E7}.Release|x86.Build.0 = Release|Any CPU
		{ED70AD57-1B05-428A-8A30-2CC533DAF389}.Debug|Any CPU.ActiveCfg = Debug|Any CPU
		{ED70AD57-1B05-428A-8A30-2CC533DAF389}.Debug|Any CPU.Build.0 = Debug|Any CPU
		{ED70AD57-1B05-428A-8A30-2CC533DAF389}.Debug|x64.ActiveCfg = Debug|x64
		{ED70AD57-1B05-428A-8A30-2CC533DAF389}.Debug|x64.Build.0 = Debug|x64
		{ED70AD57-1B05-428A-8A30-2CC533DAF389}.Debug|x86.ActiveCfg = Debug|x86
		{ED70AD57-1B05-428A-8A30-2CC533DAF389}.Debug|x86.Build.0 = Debug|x86
		{ED70AD57-1B05-428A-8A30-2CC533DAF389}.Release|Any CPU.ActiveCfg = Release|Any CPU
		{ED70AD57-1B05-428A-8A30-2CC533DAF389}.Release|Any CPU.Build.0 = Release|Any CPU
		{ED70AD57-1B05-428A-8A30-2CC533DAF389}.Release|x64.ActiveCfg = Release|x64
		{ED70AD57-1B05-428A-8A30-2CC533DAF389}.Release|x64.Build.0 = Release|x64
		{ED70AD57-1B05-428A-8A30-2CC533DAF389}.Release|x86.ActiveCfg = Release|x86
		{ED70AD57-1B05-428A-8A30-2CC533DAF389}.Release|x86.Build.0 = Release|x86
		{9368132D-33F8-4149-8733-3BF90715F887}.Debug|Any CPU.ActiveCfg = Debug|Any CPU
		{9368132D-33F8-4149-8733-3BF90715F887}.Debug|Any CPU.Build.0 = Debug|Any CPU
		{9368132D-33F8-4149-8733-3BF90715F887}.Debug|x64.ActiveCfg = Debug|x64
		{9368132D-33F8-4149-8733-3BF90715F887}.Debug|x64.Build.0 = Debug|x64
		{9368132D-33F8-4149-8733-3BF90715F887}.Debug|x86.ActiveCfg = Debug|x86
		{9368132D-33F8-4149-8733-3BF90715F887}.Debug|x86.Build.0 = Debug|x86
		{9368132D-33F8-4149-8733-3BF90715F887}.Release|Any CPU.ActiveCfg = Release|Any CPU
		{9368132D-33F8-4149-8733-3BF90715F887}.Release|Any CPU.Build.0 = Release|Any CPU
		{9368132D-33F8-4149-8733-3BF90715F887}.Release|x64.ActiveCfg = Release|x64
		{9368132D-33F8-4149-8733-3BF90715F887}.Release|x64.Build.0 = Release|x64
		{9368132D-33F8-4149-8733-3BF90715F887}.Release|x86.ActiveCfg = Release|x86
		{9368132D-33F8-4149-8733-3BF90715F887}.Release|x86.Build.0 = Release|x86
		{2D97DA0A-18BE-48A1-B4FC-78B0B3CEB6C8}.Debug|Any CPU.ActiveCfg = Debug|Any CPU
		{2D97DA0A-18BE-48A1-B4FC-78B0B3CEB6C8}.Debug|Any CPU.Build.0 = Debug|Any CPU
		{2D97DA0A-18BE-48A1-B4FC-78B0B3CEB6C8}.Debug|x64.ActiveCfg = Debug|Any CPU
		{2D97DA0A-18BE-48A1-B4FC-78B0B3CEB6C8}.Debug|x64.Build.0 = Debug|Any CPU
		{2D97DA0A-18BE-48A1-B4FC-78B0B3CEB6C8}.Debug|x86.ActiveCfg = Debug|Any CPU
		{2D97DA0A-18BE-48A1-B4FC-78B0B3CEB6C8}.Debug|x86.Build.0 = Debug|Any CPU
		{2D97DA0A-18BE-48A1-B4FC-78B0B3CEB6C8}.Release|Any CPU.ActiveCfg = Release|Any CPU
		{2D97DA0A-18BE-48A1-B4FC-78B0B3CEB6C8}.Release|Any CPU.Build.0 = Release|Any CPU
		{2D97DA0A-18BE-48A1-B4FC-78B0B3CEB6C8}.Release|x64.ActiveCfg = Release|Any CPU
		{2D97DA0A-18BE-48A1-B4FC-78B0B3CEB6C8}.Release|x64.Build.0 = Release|Any CPU
		{2D97DA0A-18BE-48A1-B4FC-78B0B3CEB6C8}.Release|x86.ActiveCfg = Release|Any CPU
		{2D97DA0A-18BE-48A1-B4FC-78B0B3CEB6C8}.Release|x86.Build.0 = Release|Any CPU
		{35E7785E-9050-462D-8275-9282502824D1}.Debug|Any CPU.ActiveCfg = Debug|Any CPU
		{35E7785E-9050-462D-8275-9282502824D1}.Debug|Any CPU.Build.0 = Debug|Any CPU
		{35E7785E-9050-462D-8275-9282502824D1}.Debug|x64.ActiveCfg = Debug|Any CPU
		{35E7785E-9050-462D-8275-9282502824D1}.Debug|x64.Build.0 = Debug|Any CPU
		{35E7785E-9050-462D-8275-9282502824D1}.Debug|x86.ActiveCfg = Debug|Any CPU
		{35E7785E-9050-462D-8275-9282502824D1}.Debug|x86.Build.0 = Debug|Any CPU
		{35E7785E-9050-462D-8275-9282502824D1}.Release|Any CPU.ActiveCfg = Release|Any CPU
		{35E7785E-9050-462D-8275-9282502824D1}.Release|Any CPU.Build.0 = Release|Any CPU
		{35E7785E-9050-462D-8275-9282502824D1}.Release|x64.ActiveCfg = Release|Any CPU
		{35E7785E-9050-462D-8275-9282502824D1}.Release|x64.Build.0 = Release|Any CPU
		{35E7785E-9050-462D-8275-9282502824D1}.Release|x86.ActiveCfg = Release|Any CPU
		{35E7785E-9050-462D-8275-9282502824D1}.Release|x86.Build.0 = Release|Any CPU
		{12CE1E5D-1E2D-4FE8-8084-B5E334CD54CD}.Debug|Any CPU.ActiveCfg = Debug|Any CPU
		{12CE1E5D-1E2D-4FE8-8084-B5E334CD54CD}.Debug|Any CPU.Build.0 = Debug|Any CPU
		{12CE1E5D-1E2D-4FE8-8084-B5E334CD54CD}.Debug|x64.ActiveCfg = Debug|Any CPU
		{12CE1E5D-1E2D-4FE8-8084-B5E334CD54CD}.Debug|x64.Build.0 = Debug|Any CPU
		{12CE1E5D-1E2D-4FE8-8084-B5E334CD54CD}.Debug|x86.ActiveCfg = Debug|Any CPU
		{12CE1E5D-1E2D-4FE8-8084-B5E334CD54CD}.Debug|x86.Build.0 = Debug|Any CPU
		{12CE1E5D-1E2D-4FE8-8084-B5E334CD54CD}.Release|Any CPU.ActiveCfg = Release|Any CPU
		{12CE1E5D-1E2D-4FE8-8084-B5E334CD54CD}.Release|Any CPU.Build.0 = Release|Any CPU
		{12CE1E5D-1E2D-4FE8-8084-B5E334CD54CD}.Release|x64.ActiveCfg = Release|Any CPU
		{12CE1E5D-1E2D-4FE8-8084-B5E334CD54CD}.Release|x64.Build.0 = Release|Any CPU
		{12CE1E5D-1E2D-4FE8-8084-B5E334CD54CD}.Release|x86.ActiveCfg = Release|Any CPU
		{12CE1E5D-1E2D-4FE8-8084-B5E334CD54CD}.Release|x86.Build.0 = Release|Any CPU
		{0824A682-F34D-456B-8B0B-22FF40FEAE33}.Debug|Any CPU.ActiveCfg = Debug|Any CPU
		{0824A682-F34D-456B-8B0B-22FF40FEAE33}.Debug|Any CPU.Build.0 = Debug|Any CPU
		{0824A682-F34D-456B-8B0B-22FF40FEAE33}.Debug|x64.ActiveCfg = Debug|Any CPU
		{0824A682-F34D-456B-8B0B-22FF40FEAE33}.Debug|x64.Build.0 = Debug|Any CPU
		{0824A682-F34D-456B-8B0B-22FF40FEAE33}.Debug|x86.ActiveCfg = Debug|Any CPU
		{0824A682-F34D-456B-8B0B-22FF40FEAE33}.Debug|x86.Build.0 = Debug|Any CPU
		{0824A682-F34D-456B-8B0B-22FF40FEAE33}.Release|Any CPU.ActiveCfg = Release|Any CPU
		{0824A682-F34D-456B-8B0B-22FF40FEAE33}.Release|Any CPU.Build.0 = Release|Any CPU
		{0824A682-F34D-456B-8B0B-22FF40FEAE33}.Release|x64.ActiveCfg = Release|Any CPU
		{0824A682-F34D-456B-8B0B-22FF40FEAE33}.Release|x64.Build.0 = Release|Any CPU
		{0824A682-F34D-456B-8B0B-22FF40FEAE33}.Release|x86.ActiveCfg = Release|Any CPU
		{0824A682-F34D-456B-8B0B-22FF40FEAE33}.Release|x86.Build.0 = Release|Any CPU
		{6D034B32-531F-4DDB-9402-6C0D72B29953}.Debug|Any CPU.ActiveCfg = Debug|Any CPU
		{6D034B32-531F-4DDB-9402-6C0D72B29953}.Debug|Any CPU.Build.0 = Debug|Any CPU
		{6D034B32-531F-4DDB-9402-6C0D72B29953}.Debug|x64.ActiveCfg = Debug|Any CPU
		{6D034B32-531F-4DDB-9402-6C0D72B29953}.Debug|x64.Build.0 = Debug|Any CPU
		{6D034B32-531F-4DDB-9402-6C0D72B29953}.Debug|x86.ActiveCfg = Debug|Any CPU
		{6D034B32-531F-4DDB-9402-6C0D72B29953}.Debug|x86.Build.0 = Debug|Any CPU
		{6D034B32-531F-4DDB-9402-6C0D72B29953}.Release|Any CPU.ActiveCfg = Release|Any CPU
		{6D034B32-531F-4DDB-9402-6C0D72B29953}.Release|Any CPU.Build.0 = Release|Any CPU
		{6D034B32-531F-4DDB-9402-6C0D72B29953}.Release|x64.ActiveCfg = Release|Any CPU
		{6D034B32-531F-4DDB-9402-6C0D72B29953}.Release|x64.Build.0 = Release|Any CPU
		{6D034B32-531F-4DDB-9402-6C0D72B29953}.Release|x86.ActiveCfg = Release|Any CPU
		{6D034B32-531F-4DDB-9402-6C0D72B29953}.Release|x86.Build.0 = Release|Any CPU
		{1021AFEB-E345-47B1-8C9F-109CA07DCB4B}.Debug|Any CPU.ActiveCfg = Debug|Any CPU
		{1021AFEB-E345-47B1-8C9F-109CA07DCB4B}.Debug|Any CPU.Build.0 = Debug|Any CPU
		{1021AFEB-E345-47B1-8C9F-109CA07DCB4B}.Debug|x64.ActiveCfg = Debug|Any CPU
		{1021AFEB-E345-47B1-8C9F-109CA07DCB4B}.Debug|x64.Build.0 = Debug|Any CPU
		{1021AFEB-E345-47B1-8C9F-109CA07DCB4B}.Debug|x86.ActiveCfg = Debug|Any CPU
		{1021AFEB-E345-47B1-8C9F-109CA07DCB4B}.Debug|x86.Build.0 = Debug|Any CPU
		{1021AFEB-E345-47B1-8C9F-109CA07DCB4B}.Release|Any CPU.ActiveCfg = Release|Any CPU
		{1021AFEB-E345-47B1-8C9F-109CA07DCB4B}.Release|Any CPU.Build.0 = Release|Any CPU
		{1021AFEB-E345-47B1-8C9F-109CA07DCB4B}.Release|x64.ActiveCfg = Release|Any CPU
		{1021AFEB-E345-47B1-8C9F-109CA07DCB4B}.Release|x64.Build.0 = Release|Any CPU
		{1021AFEB-E345-47B1-8C9F-109CA07DCB4B}.Release|x86.ActiveCfg = Release|Any CPU
		{1021AFEB-E345-47B1-8C9F-109CA07DCB4B}.Release|x86.Build.0 = Release|Any CPU
		{4ABBC7E5-63DE-4017-A048-4035D249DDFC}.Debug|Any CPU.ActiveCfg = Debug|Any CPU
		{4ABBC7E5-63DE-4017-A048-4035D249DDFC}.Debug|Any CPU.Build.0 = Debug|Any CPU
		{4ABBC7E5-63DE-4017-A048-4035D249DDFC}.Debug|x64.ActiveCfg = Debug|Any CPU
		{4ABBC7E5-63DE-4017-A048-4035D249DDFC}.Debug|x64.Build.0 = Debug|Any CPU
		{4ABBC7E5-63DE-4017-A048-4035D249DDFC}.Debug|x86.ActiveCfg = Debug|Any CPU
		{4ABBC7E5-63DE-4017-A048-4035D249DDFC}.Debug|x86.Build.0 = Debug|Any CPU
		{4ABBC7E5-63DE-4017-A048-4035D249DDFC}.Release|Any CPU.ActiveCfg = Release|Any CPU
		{4ABBC7E5-63DE-4017-A048-4035D249DDFC}.Release|Any CPU.Build.0 = Release|Any CPU
		{4ABBC7E5-63DE-4017-A048-4035D249DDFC}.Release|x64.ActiveCfg = Release|Any CPU
		{4ABBC7E5-63DE-4017-A048-4035D249DDFC}.Release|x64.Build.0 = Release|Any CPU
		{4ABBC7E5-63DE-4017-A048-4035D249DDFC}.Release|x86.ActiveCfg = Release|Any CPU
		{4ABBC7E5-63DE-4017-A048-4035D249DDFC}.Release|x86.Build.0 = Release|Any CPU
		{985E8F02-C22D-473C-AFD8-755F2519E403}.Debug|Any CPU.ActiveCfg = Debug|Any CPU
		{985E8F02-C22D-473C-AFD8-755F2519E403}.Debug|Any CPU.Build.0 = Debug|Any CPU
		{985E8F02-C22D-473C-AFD8-755F2519E403}.Debug|x64.ActiveCfg = Debug|Any CPU
		{985E8F02-C22D-473C-AFD8-755F2519E403}.Debug|x64.Build.0 = Debug|Any CPU
		{985E8F02-C22D-473C-AFD8-755F2519E403}.Debug|x86.ActiveCfg = Debug|Any CPU
		{985E8F02-C22D-473C-AFD8-755F2519E403}.Debug|x86.Build.0 = Debug|Any CPU
		{985E8F02-C22D-473C-AFD8-755F2519E403}.Release|Any CPU.ActiveCfg = Release|Any CPU
		{985E8F02-C22D-473C-AFD8-755F2519E403}.Release|Any CPU.Build.0 = Release|Any CPU
		{985E8F02-C22D-473C-AFD8-755F2519E403}.Release|x64.ActiveCfg = Release|Any CPU
		{985E8F02-C22D-473C-AFD8-755F2519E403}.Release|x64.Build.0 = Release|Any CPU
		{985E8F02-C22D-473C-AFD8-755F2519E403}.Release|x86.ActiveCfg = Release|Any CPU
		{985E8F02-C22D-473C-AFD8-755F2519E403}.Release|x86.Build.0 = Release|Any CPU
		{B622321D-0980-42DF-9165-79341BF7E64E}.Debug|Any CPU.ActiveCfg = Debug|Any CPU
		{B622321D-0980-42DF-9165-79341BF7E64E}.Debug|Any CPU.Build.0 = Debug|Any CPU
		{B622321D-0980-42DF-9165-79341BF7E64E}.Debug|x64.ActiveCfg = Debug|Any CPU
		{B622321D-0980-42DF-9165-79341BF7E64E}.Debug|x64.Build.0 = Debug|Any CPU
		{B622321D-0980-42DF-9165-79341BF7E64E}.Debug|x86.ActiveCfg = Debug|Any CPU
		{B622321D-0980-42DF-9165-79341BF7E64E}.Debug|x86.Build.0 = Debug|Any CPU
		{B622321D-0980-42DF-9165-79341BF7E64E}.Release|Any CPU.ActiveCfg = Release|Any CPU
		{B622321D-0980-42DF-9165-79341BF7E64E}.Release|Any CPU.Build.0 = Release|Any CPU
		{B622321D-0980-42DF-9165-79341BF7E64E}.Release|x64.ActiveCfg = Release|Any CPU
		{B622321D-0980-42DF-9165-79341BF7E64E}.Release|x64.Build.0 = Release|Any CPU
		{B622321D-0980-42DF-9165-79341BF7E64E}.Release|x86.ActiveCfg = Release|Any CPU
		{B622321D-0980-42DF-9165-79341BF7E64E}.Release|x86.Build.0 = Release|Any CPU
		{1370A208-DA8B-43EE-8CBB-A18D7992A8DC}.Debug|Any CPU.ActiveCfg = Debug|Any CPU
		{1370A208-DA8B-43EE-8CBB-A18D7992A8DC}.Debug|Any CPU.Build.0 = Debug|Any CPU
		{1370A208-DA8B-43EE-8CBB-A18D7992A8DC}.Debug|x64.ActiveCfg = Debug|Any CPU
		{1370A208-DA8B-43EE-8CBB-A18D7992A8DC}.Debug|x64.Build.0 = Debug|Any CPU
		{1370A208-DA8B-43EE-8CBB-A18D7992A8DC}.Debug|x86.ActiveCfg = Debug|Any CPU
		{1370A208-DA8B-43EE-8CBB-A18D7992A8DC}.Debug|x86.Build.0 = Debug|Any CPU
		{1370A208-DA8B-43EE-8CBB-A18D7992A8DC}.Release|Any CPU.ActiveCfg = Release|Any CPU
		{1370A208-DA8B-43EE-8CBB-A18D7992A8DC}.Release|Any CPU.Build.0 = Release|Any CPU
		{1370A208-DA8B-43EE-8CBB-A18D7992A8DC}.Release|x64.ActiveCfg = Release|Any CPU
		{1370A208-DA8B-43EE-8CBB-A18D7992A8DC}.Release|x64.Build.0 = Release|Any CPU
		{1370A208-DA8B-43EE-8CBB-A18D7992A8DC}.Release|x86.ActiveCfg = Release|Any CPU
		{1370A208-DA8B-43EE-8CBB-A18D7992A8DC}.Release|x86.Build.0 = Release|Any CPU
		{7F5ABEC7-4D64-40C5-BC86-1884575D1F2C}.Debug|Any CPU.ActiveCfg = Debug|Any CPU
		{7F5ABEC7-4D64-40C5-BC86-1884575D1F2C}.Debug|Any CPU.Build.0 = Debug|Any CPU
		{7F5ABEC7-4D64-40C5-BC86-1884575D1F2C}.Debug|x64.ActiveCfg = Debug|Any CPU
		{7F5ABEC7-4D64-40C5-BC86-1884575D1F2C}.Debug|x64.Build.0 = Debug|Any CPU
		{7F5ABEC7-4D64-40C5-BC86-1884575D1F2C}.Debug|x86.ActiveCfg = Debug|Any CPU
		{7F5ABEC7-4D64-40C5-BC86-1884575D1F2C}.Debug|x86.Build.0 = Debug|Any CPU
		{7F5ABEC7-4D64-40C5-BC86-1884575D1F2C}.Release|Any CPU.ActiveCfg = Release|Any CPU
		{7F5ABEC7-4D64-40C5-BC86-1884575D1F2C}.Release|Any CPU.Build.0 = Release|Any CPU
		{7F5ABEC7-4D64-40C5-BC86-1884575D1F2C}.Release|x64.ActiveCfg = Release|Any CPU
		{7F5ABEC7-4D64-40C5-BC86-1884575D1F2C}.Release|x64.Build.0 = Release|Any CPU
		{7F5ABEC7-4D64-40C5-BC86-1884575D1F2C}.Release|x86.ActiveCfg = Release|Any CPU
		{7F5ABEC7-4D64-40C5-BC86-1884575D1F2C}.Release|x86.Build.0 = Release|Any CPU
		{B0F97EE9-BB64-42A8-AAA8-522E7184EB43}.Debug|Any CPU.ActiveCfg = Debug|Any CPU
		{B0F97EE9-BB64-42A8-AAA8-522E7184EB43}.Debug|Any CPU.Build.0 = Debug|Any CPU
		{B0F97EE9-BB64-42A8-AAA8-522E7184EB43}.Debug|x64.ActiveCfg = Debug|Any CPU
		{B0F97EE9-BB64-42A8-AAA8-522E7184EB43}.Debug|x64.Build.0 = Debug|Any CPU
		{B0F97EE9-BB64-42A8-AAA8-522E7184EB43}.Debug|x86.ActiveCfg = Debug|Any CPU
		{B0F97EE9-BB64-42A8-AAA8-522E7184EB43}.Debug|x86.Build.0 = Debug|Any CPU
		{B0F97EE9-BB64-42A8-AAA8-522E7184EB43}.Release|Any CPU.ActiveCfg = Release|Any CPU
		{B0F97EE9-BB64-42A8-AAA8-522E7184EB43}.Release|Any CPU.Build.0 = Release|Any CPU
		{B0F97EE9-BB64-42A8-AAA8-522E7184EB43}.Release|x64.ActiveCfg = Release|Any CPU
		{B0F97EE9-BB64-42A8-AAA8-522E7184EB43}.Release|x64.Build.0 = Release|Any CPU
		{B0F97EE9-BB64-42A8-AAA8-522E7184EB43}.Release|x86.ActiveCfg = Release|Any CPU
		{B0F97EE9-BB64-42A8-AAA8-522E7184EB43}.Release|x86.Build.0 = Release|Any CPU
		{3A6FD22C-D7B7-4713-80C6-8742186F8674}.Debug|Any CPU.ActiveCfg = Debug|Any CPU
		{3A6FD22C-D7B7-4713-80C6-8742186F8674}.Debug|Any CPU.Build.0 = Debug|Any CPU
		{3A6FD22C-D7B7-4713-80C6-8742186F8674}.Debug|x64.ActiveCfg = Debug|Any CPU
		{3A6FD22C-D7B7-4713-80C6-8742186F8674}.Debug|x64.Build.0 = Debug|Any CPU
		{3A6FD22C-D7B7-4713-80C6-8742186F8674}.Debug|x86.ActiveCfg = Debug|Any CPU
		{3A6FD22C-D7B7-4713-80C6-8742186F8674}.Debug|x86.Build.0 = Debug|Any CPU
		{3A6FD22C-D7B7-4713-80C6-8742186F8674}.Release|Any CPU.ActiveCfg = Release|Any CPU
		{3A6FD22C-D7B7-4713-80C6-8742186F8674}.Release|Any CPU.Build.0 = Release|Any CPU
		{3A6FD22C-D7B7-4713-80C6-8742186F8674}.Release|x64.ActiveCfg = Release|Any CPU
		{3A6FD22C-D7B7-4713-80C6-8742186F8674}.Release|x64.Build.0 = Release|Any CPU
		{3A6FD22C-D7B7-4713-80C6-8742186F8674}.Release|x86.ActiveCfg = Release|Any CPU
		{3A6FD22C-D7B7-4713-80C6-8742186F8674}.Release|x86.Build.0 = Release|Any CPU
		{342FF9C4-5B5D-4F57-AD9C-C69D599BDBA9}.Debug|Any CPU.ActiveCfg = Debug|Any CPU
		{342FF9C4-5B5D-4F57-AD9C-C69D599BDBA9}.Debug|Any CPU.Build.0 = Debug|Any CPU
		{342FF9C4-5B5D-4F57-AD9C-C69D599BDBA9}.Debug|x64.ActiveCfg = Debug|Any CPU
		{342FF9C4-5B5D-4F57-AD9C-C69D599BDBA9}.Debug|x64.Build.0 = Debug|Any CPU
		{342FF9C4-5B5D-4F57-AD9C-C69D599BDBA9}.Debug|x86.ActiveCfg = Debug|Any CPU
		{342FF9C4-5B5D-4F57-AD9C-C69D599BDBA9}.Debug|x86.Build.0 = Debug|Any CPU
		{342FF9C4-5B5D-4F57-AD9C-C69D599BDBA9}.Release|Any CPU.ActiveCfg = Release|Any CPU
		{342FF9C4-5B5D-4F57-AD9C-C69D599BDBA9}.Release|Any CPU.Build.0 = Release|Any CPU
		{342FF9C4-5B5D-4F57-AD9C-C69D599BDBA9}.Release|x64.ActiveCfg = Release|Any CPU
		{342FF9C4-5B5D-4F57-AD9C-C69D599BDBA9}.Release|x64.Build.0 = Release|Any CPU
		{342FF9C4-5B5D-4F57-AD9C-C69D599BDBA9}.Release|x86.ActiveCfg = Release|Any CPU
		{342FF9C4-5B5D-4F57-AD9C-C69D599BDBA9}.Release|x86.Build.0 = Release|Any CPU
		{B6FAA2DE-B0A4-4DB9-9532-E6059788598A}.Debug|Any CPU.ActiveCfg = Debug|Any CPU
		{B6FAA2DE-B0A4-4DB9-9532-E6059788598A}.Debug|Any CPU.Build.0 = Debug|Any CPU
		{B6FAA2DE-B0A4-4DB9-9532-E6059788598A}.Debug|x64.ActiveCfg = Debug|Any CPU
		{B6FAA2DE-B0A4-4DB9-9532-E6059788598A}.Debug|x64.Build.0 = Debug|Any CPU
		{B6FAA2DE-B0A4-4DB9-9532-E6059788598A}.Debug|x86.ActiveCfg = Debug|Any CPU
		{B6FAA2DE-B0A4-4DB9-9532-E6059788598A}.Debug|x86.Build.0 = Debug|Any CPU
		{B6FAA2DE-B0A4-4DB9-9532-E6059788598A}.Release|Any CPU.ActiveCfg = Release|Any CPU
		{B6FAA2DE-B0A4-4DB9-9532-E6059788598A}.Release|Any CPU.Build.0 = Release|Any CPU
		{B6FAA2DE-B0A4-4DB9-9532-E6059788598A}.Release|x64.ActiveCfg = Release|Any CPU
		{B6FAA2DE-B0A4-4DB9-9532-E6059788598A}.Release|x64.Build.0 = Release|Any CPU
		{B6FAA2DE-B0A4-4DB9-9532-E6059788598A}.Release|x86.ActiveCfg = Release|Any CPU
		{B6FAA2DE-B0A4-4DB9-9532-E6059788598A}.Release|x86.Build.0 = Release|Any CPU
		{288DA71D-1048-4B14-A1F4-CB3995ABB991}.Debug|Any CPU.ActiveCfg = Debug|Any CPU
		{288DA71D-1048-4B14-A1F4-CB3995ABB991}.Debug|Any CPU.Build.0 = Debug|Any CPU
		{288DA71D-1048-4B14-A1F4-CB3995ABB991}.Debug|x64.ActiveCfg = Debug|Any CPU
		{288DA71D-1048-4B14-A1F4-CB3995ABB991}.Debug|x64.Build.0 = Debug|Any CPU
		{288DA71D-1048-4B14-A1F4-CB3995ABB991}.Debug|x86.ActiveCfg = Debug|Any CPU
		{288DA71D-1048-4B14-A1F4-CB3995ABB991}.Debug|x86.Build.0 = Debug|Any CPU
		{288DA71D-1048-4B14-A1F4-CB3995ABB991}.Release|Any CPU.ActiveCfg = Release|Any CPU
		{288DA71D-1048-4B14-A1F4-CB3995ABB991}.Release|Any CPU.Build.0 = Release|Any CPU
		{288DA71D-1048-4B14-A1F4-CB3995ABB991}.Release|x64.ActiveCfg = Release|Any CPU
		{288DA71D-1048-4B14-A1F4-CB3995ABB991}.Release|x64.Build.0 = Release|Any CPU
		{288DA71D-1048-4B14-A1F4-CB3995ABB991}.Release|x86.ActiveCfg = Release|Any CPU
		{288DA71D-1048-4B14-A1F4-CB3995ABB991}.Release|x86.Build.0 = Release|Any CPU
		{09792BF0-34A2-4C28-AC5A-3825065CEF1D}.Debug|Any CPU.ActiveCfg = Debug|Any CPU
		{09792BF0-34A2-4C28-AC5A-3825065CEF1D}.Debug|Any CPU.Build.0 = Debug|Any CPU
		{09792BF0-34A2-4C28-AC5A-3825065CEF1D}.Debug|x64.ActiveCfg = Debug|Any CPU
		{09792BF0-34A2-4C28-AC5A-3825065CEF1D}.Debug|x64.Build.0 = Debug|Any CPU
		{09792BF0-34A2-4C28-AC5A-3825065CEF1D}.Debug|x86.ActiveCfg = Debug|Any CPU
		{09792BF0-34A2-4C28-AC5A-3825065CEF1D}.Debug|x86.Build.0 = Debug|Any CPU
		{09792BF0-34A2-4C28-AC5A-3825065CEF1D}.Release|Any CPU.ActiveCfg = Release|Any CPU
		{09792BF0-34A2-4C28-AC5A-3825065CEF1D}.Release|Any CPU.Build.0 = Release|Any CPU
		{09792BF0-34A2-4C28-AC5A-3825065CEF1D}.Release|x64.ActiveCfg = Release|Any CPU
		{09792BF0-34A2-4C28-AC5A-3825065CEF1D}.Release|x64.Build.0 = Release|Any CPU
		{09792BF0-34A2-4C28-AC5A-3825065CEF1D}.Release|x86.ActiveCfg = Release|Any CPU
		{09792BF0-34A2-4C28-AC5A-3825065CEF1D}.Release|x86.Build.0 = Release|Any CPU
	EndGlobalSection
	GlobalSection(SolutionProperties) = preSolution
		HideSolutionNode = FALSE
	EndGlobalSection
	GlobalSection(NestedProjects) = preSolution
		{ED70AD57-1B05-428A-8A30-2CC533DAF389} = {8848E1D5-C4BB-467F-A3CA-5699677DC0F0}
		{9368132D-33F8-4149-8733-3BF90715F887} = {8848E1D5-C4BB-467F-A3CA-5699677DC0F0}
	EndGlobalSection
	GlobalSection(ExtensibilityGlobals) = postSolution
		SolutionGuid = {7CBF9C25-E365-499C-8695-B0AEDD7E0273}
	EndGlobalSection
EndGlobal
